
Microsoft Visual Studio Solution File, Format Version 12.00
# Visual Studio 15
Project("{FAE04EC0-301F-11D3-BF4B-00C04F79EFBC}") = "Assembly-CSharp", "Assembly-CSharp.csproj", "{3C40DBD1-D587-97ED-8EA3-3F7F1C9C673C}"
EndProject
Project("{FAE04EC0-301F-11D3-BF4B-00C04F79EFBC}") = "Assembly-CSharp-Editor", "Assembly-CSharp-Editor.csproj", "{A2299255-E31B-BB97-46D7-63FFBFE7736B}"
EndProject
Global
	GlobalSection(SolutionConfigurationPlatforms) = preSolution
		Debug|Any CPU = Debug|Any CPU
		Release|Any CPU = Release|Any CPU
	EndGlobalSection
	GlobalSection(ProjectConfigurationPlatforms) = postSolution
		{3C40DBD1-D587-97ED-8EA3-3F7F1C9C673C}.Debug|Any CPU.ActiveCfg = Debug|Any CPU
		{3C40DBD1-D587-97ED-8EA3-3F7F1C9C673C}.Debug|Any CPU.Build.0 = Debug|Any CPU
		{3C40DBD1-D587-97ED-8EA3-3F7F1C9C673C}.Release|Any CPU.ActiveCfg = Release|Any CPU
		{3C40DBD1-D587-97ED-8EA3-3F7F1C9C673C}.Release|Any CPU.Build.0 = Release|Any CPU
		{A2299255-E31B-BB97-46D7-63FFBFE7736B}.Debug|Any CPU.ActiveCfg = Debug|Any CPU
		{A2299255-E31B-BB97-46D7-63FFBFE7736B}.Debug|Any CPU.Build.0 = Debug|Any CPU
		{A2299255-E31B-BB97-46D7-63FFBFE7736B}.Release|Any CPU.ActiveCfg = Release|Any CPU
		{A2299255-E31B-BB97-46D7-63FFBFE7736B}.Release|Any CPU.Build.0 = Release|Any CPU
	EndGlobalSection
	GlobalSection(SolutionProperties) = preSolution
		HideSolutionNode = FALSE
	EndGlobalSection
EndGlobal
